
Microsoft Visual Studio Solution File, Format Version 12.00
# Visual Studio Version 16
VisualStudioVersion = 16.0.30104.148
MinimumVisualStudioVersion = 10.0.40219.1
Project("{FAE04EC0-301F-11D3-BF4B-00C04F79EFBC}") = "trabajo1", "trabajo1\trabajo1.csproj", "{8AFED56F-5645-469C-81F6-FD852C26E297}"
EndProject
Global
	GlobalSection(SolutionConfigurationPlatforms) = preSolution
		Debug|Any CPU = Debug|Any CPU
		Release|Any CPU = Release|Any CPU
	EndGlobalSection
	GlobalSection(ProjectConfigurationPlatforms) = postSolution
		{8AFED56F-5645-469C-81F6-FD852C26E297}.Debug|Any CPU.ActiveCfg = Debug|Any CPU
		{8AFED56F-5645-469C-81F6-FD852C26E297}.Debug|Any CPU.Build.0 = Debug|Any CPU
		{8AFED56F-5645-469C-81F6-FD852C26E297}.Release|Any CPU.ActiveCfg = Release|Any CPU
		{8AFED56F-5645-469C-81F6-FD852C26E297}.Release|Any CPU.Build.0 = Release|Any CPU
	EndGlobalSection
	GlobalSection(SolutionProperties) = preSolution
		HideSolutionNode = FALSE
	EndGlobalSection
	GlobalSection(ExtensibilityGlobals) = postSolution
		SolutionGuid = {399B1359-0701-4B96-964E-175A1622295D}
	EndGlobalSection
EndGlobal
