
Microsoft Visual Studio Solution File, Format Version 12.00
# Visual Studio Version 16
VisualStudioVersion = 16.0.30114.105
MinimumVisualStudioVersion = 10.0.40219.1
Project("{F184B08F-C81C-45F6-A57F-5ABD9991F28F}") = "OperacionesMatematicasTareas", "OperacionesMatematicasTareas.vbproj", "{768010B4-DA50-48E7-A663-AC33B1DFC3CF}"
EndProject
Global
	GlobalSection(SolutionConfigurationPlatforms) = preSolution
		Debug|Any CPU = Debug|Any CPU
		Release|Any CPU = Release|Any CPU
	EndGlobalSection
	GlobalSection(ProjectConfigurationPlatforms) = postSolution
		{768010B4-DA50-48E7-A663-AC33B1DFC3CF}.Debug|Any CPU.ActiveCfg = Debug|Any CPU
		{768010B4-DA50-48E7-A663-AC33B1DFC3CF}.Debug|Any CPU.Build.0 = Debug|Any CPU
		{768010B4-DA50-48E7-A663-AC33B1DFC3CF}.Release|Any CPU.ActiveCfg = Release|Any CPU
		{768010B4-DA50-48E7-A663-AC33B1DFC3CF}.Release|Any CPU.Build.0 = Release|Any CPU
	EndGlobalSection
	GlobalSection(SolutionProperties) = preSolution
		HideSolutionNode = FALSE
	EndGlobalSection
	GlobalSection(ExtensibilityGlobals) = postSolution
		SolutionGuid = {D35FE473-056A-4085-9920-4C385FC59B36}
	EndGlobalSection
EndGlobal
