
Microsoft Visual Studio Solution File, Format Version 12.00
# Visual Studio Version 16
VisualStudioVersion = 16.0.30114.105
MinimumVisualStudioVersion = 10.0.40219.1
Project("{F184B08F-C81C-45F6-A57F-5ABD9991F28F}") = "Uso_CicloFor", "Uso_CicloFor.vbproj", "{463FA0C9-DD2E-4171-8015-D66FB2B44F45}"
EndProject
Global
	GlobalSection(SolutionConfigurationPlatforms) = preSolution
		Debug|Any CPU = Debug|Any CPU
		Release|Any CPU = Release|Any CPU
	EndGlobalSection
	GlobalSection(ProjectConfigurationPlatforms) = postSolution
		{463FA0C9-DD2E-4171-8015-D66FB2B44F45}.Debug|Any CPU.ActiveCfg = Debug|Any CPU
		{463FA0C9-DD2E-4171-8015-D66FB2B44F45}.Debug|Any CPU.Build.0 = Debug|Any CPU
		{463FA0C9-DD2E-4171-8015-D66FB2B44F45}.Release|Any CPU.ActiveCfg = Release|Any CPU
		{463FA0C9-DD2E-4171-8015-D66FB2B44F45}.Release|Any CPU.Build.0 = Release|Any CPU
	EndGlobalSection
	GlobalSection(SolutionProperties) = preSolution
		HideSolutionNode = FALSE
	EndGlobalSection
	GlobalSection(ExtensibilityGlobals) = postSolution
		SolutionGuid = {9D8E5A7D-30A3-45A0-9FF8-EFA9B7333AE1}
	EndGlobalSection
EndGlobal
